
Microsoft Visual Studio Solution File, Format Version 12.00
# Visual Studio Version 17
VisualStudioVersion = 17.5.33530.505
MinimumVisualStudioVersion = 10.0.40219.1
Project("{FAE04EC0-301F-11D3-BF4B-00C04F79EFBC}") = "WeatherAPI", "WeatherAPI\WeatherAPI.csproj", "{3D3C39BE-3CA4-4A25-AD29-8361EC86A0A9}"
EndProject
Project("{FAE04EC0-301F-11D3-BF4B-00C04F79EFBC}") = "WeatherMVCFront", "WeatherMVCFront\WeatherMVCFront.csproj", "{A316B8CE-02AD-4613-BDD5-44365BBDD1BE}"
EndProject
Global
	GlobalSection(SolutionConfigurationPlatforms) = preSolution
		Debug|Any CPU = Debug|Any CPU
		Release|Any CPU = Release|Any CPU
	EndGlobalSection
	GlobalSection(ProjectConfigurationPlatforms) = postSolution
		{3D3C39BE-3CA4-4A25-AD29-8361EC86A0A9}.Debug|Any CPU.ActiveCfg = Debug|Any CPU
		{3D3C39BE-3CA4-4A25-AD29-8361EC86A0A9}.Debug|Any CPU.Build.0 = Debug|Any CPU
		{3D3C39BE-3CA4-4A25-AD29-8361EC86A0A9}.Release|Any CPU.ActiveCfg = Release|Any CPU
		{3D3C39BE-3CA4-4A25-AD29-8361EC86A0A9}.Release|Any CPU.Build.0 = Release|Any CPU
		{A316B8CE-02AD-4613-BDD5-44365BBDD1BE}.Debug|Any CPU.ActiveCfg = Debug|Any CPU
		{A316B8CE-02AD-4613-BDD5-44365BBDD1BE}.Debug|Any CPU.Build.0 = Debug|Any CPU
		{A316B8CE-02AD-4613-BDD5-44365BBDD1BE}.Release|Any CPU.ActiveCfg = Release|Any CPU
		{A316B8CE-02AD-4613-BDD5-44365BBDD1BE}.Release|Any CPU.Build.0 = Release|Any CPU
	EndGlobalSection
	GlobalSection(SolutionProperties) = preSolution
		HideSolutionNode = FALSE
	EndGlobalSection
	GlobalSection(ExtensibilityGlobals) = postSolution
		SolutionGuid = {DD5A7E82-F800-4C76-B023-FFFCF562BFA3}
	EndGlobalSection
EndGlobal
